// !$*UTF8*$!
{
	archiveVersion = 1;
	classes = {
	};
	objectVersion = 52;
	objects = {

/* Begin PBXBuildFile section */
		03662F3D19DC9FACD8A9A2D6 /* Pods_PokemonXYiOS.framework in Frameworks */ = {isa = PBXBuildFile; fileRef = C4CD755E35529A8ECDD9899C /* Pods_PokemonXYiOS.framework */; };
		AB1E4DDD2518118800287D29 /* PokemonListTableViewController.swift in Sources */ = {isa = PBXBuildFile; fileRef = AB1E4DDC2518118800287D29 /* PokemonListTableViewController.swift */; };
		AB26B0712517DD550030D44A /* AppDelegate.swift in Sources */ = {isa = PBXBuildFile; fileRef = AB26B0702517DD550030D44A /* AppDelegate.swift */; };
		AB26B0732517DD550030D44A /* SceneDelegate.swift in Sources */ = {isa = PBXBuildFile; fileRef = AB26B0722517DD550030D44A /* SceneDelegate.swift */; };
		AB26B0752517DD550030D44A /* ViewController.swift in Sources */ = {isa = PBXBuildFile; fileRef = AB26B0742517DD550030D44A /* ViewController.swift */; };
		AB26B0782517DD550030D44A /* Main.storyboard in Resources */ = {isa = PBXBuildFile; fileRef = AB26B0762517DD550030D44A /* Main.storyboard */; };
		AB26B07A2517DD560030D44A /* Assets.xcassets in Resources */ = {isa = PBXBuildFile; fileRef = AB26B0792517DD560030D44A /* Assets.xcassets */; };
		AB26B07D2517DD560030D44A /* LaunchScreen.storyboard in Resources */ = {isa = PBXBuildFile; fileRef = AB26B07B2517DD560030D44A /* LaunchScreen.storyboard */; };
		AB3F8A612523B5B6006C86E8 /* NormalEvolveChainViewController.swift in Sources */ = {isa = PBXBuildFile; fileRef = AB3F8A602523B5B6006C86E8 /* NormalEvolveChainViewController.swift */; };
		AB3F8A632523B8C7006C86E8 /* PokemonEvolutionCollectionViewCell.swift in Sources */ = {isa = PBXBuildFile; fileRef = AB3F8A622523B8C7006C86E8 /* PokemonEvolutionCollectionViewCell.swift */; };
		AB3F8A652523F4FD006C86E8 /* EvolvesBaseViewController.swift in Sources */ = {isa = PBXBuildFile; fileRef = AB3F8A642523F4FD006C86E8 /* EvolvesBaseViewController.swift */; };
		AB3F8A672523F827006C86E8 /* ForthEvolvesViewController.swift in Sources */ = {isa = PBXBuildFile; fileRef = AB3F8A662523F827006C86E8 /* ForthEvolvesViewController.swift */; };
		AB3F8A6925246259006C86E8 /* EeveeEvolvesViewController.swift in Sources */ = {isa = PBXBuildFile; fileRef = AB3F8A6825246259006C86E8 /* EeveeEvolvesViewController.swift */; };
		AB9F74862520CC35008D483A /* SwipeMenuViewController in Frameworks */ = {isa = PBXBuildFile; productRef = AB9F74852520CC35008D483A /* SwipeMenuViewController */; };
		AB9F74882520FAD9008D483A /* AboutViewController.swift in Sources */ = {isa = PBXBuildFile; fileRef = AB9F74872520FAD9008D483A /* AboutViewController.swift */; };
		AB9F748A25215A7A008D483A /* ContentViewController.swift in Sources */ = {isa = PBXBuildFile; fileRef = AB9F748925215A7A008D483A /* ContentViewController.swift */; };
		AB9F748C2522A491008D483A /* TypeSymbolCollectionViewCell.swift in Sources */ = {isa = PBXBuildFile; fileRef = AB9F748B2522A491008D483A /* TypeSymbolCollectionViewCell.swift */; };
		AB9F748F2522CB8B008D483A /* WeaknessTypeCollectionViewCell.swift in Sources */ = {isa = PBXBuildFile; fileRef = AB9F748E2522CB8B008D483A /* WeaknessTypeCollectionViewCell.swift */; };
		ABB787FC2517DE8300671AB9 /* PokeBank.swift in Sources */ = {isa = PBXBuildFile; fileRef = ABB787FB2517DE8300671AB9 /* PokeBank.swift */; };
		ABB787FF2517DEAC00671AB9 /* Pokemon.swift in Sources */ = {isa = PBXBuildFile; fileRef = ABB787FE2517DEAC00671AB9 /* Pokemon.swift */; };
		ABB788022517DF5400671AB9 /* Alamofire in Frameworks */ = {isa = PBXBuildFile; productRef = ABB788012517DF5400671AB9 /* Alamofire */; };
		ABC2108A251ACBEB004F2DAA /* segoe-ui-semibold-2.ttf in Resources */ = {isa = PBXBuildFile; fileRef = ABC21089251ACBEB004F2DAA /* segoe-ui-semibold-2.ttf */; };
		ABC2108C251F3140004F2DAA /* PokemonReviewViewController.swift in Sources */ = {isa = PBXBuildFile; fileRef = ABC2108B251F3140004F2DAA /* PokemonReviewViewController.swift */; };
		ABEC26D025195960001E40B0 /* PokemonIDCardTableViewCell.swift in Sources */ = {isa = PBXBuildFile; fileRef = ABEC26CF25195960001E40B0 /* PokemonIDCardTableViewCell.swift */; };
		ABEC26D325196C8C001E40B0 /* AlamofireImage in Frameworks */ = {isa = PBXBuildFile; productRef = ABEC26D225196C8C001E40B0 /* AlamofireImage */; };
/* End PBXBuildFile section */

/* Begin PBXFileReference section */
		28FE8DA1CE21D379F14F09CE /* Pods-PokemonXYiOS.release.xcconfig */ = {isa = PBXFileReference; includeInIndex = 1; lastKnownFileType = text.xcconfig; name = "Pods-PokemonXYiOS.release.xcconfig"; path = "Target Support Files/Pods-PokemonXYiOS/Pods-PokemonXYiOS.release.xcconfig"; sourceTree = "<group>"; };
		513F1B72FAB8D9A55AB5936D /* Pods-PokemonXYiOS.debug.xcconfig */ = {isa = PBXFileReference; includeInIndex = 1; lastKnownFileType = text.xcconfig; name = "Pods-PokemonXYiOS.debug.xcconfig"; path = "Target Support Files/Pods-PokemonXYiOS/Pods-PokemonXYiOS.debug.xcconfig"; sourceTree = "<group>"; };
		AB1E4DDC2518118800287D29 /* PokemonListTableViewController.swift */ = {isa = PBXFileReference; lastKnownFileType = sourcecode.swift; path = PokemonListTableViewController.swift; sourceTree = "<group>"; };
		AB26B06D2517DD550030D44A /* PokemonXYiOS.app */ = {isa = PBXFileReference; explicitFileType = wrapper.application; includeInIndex = 0; path = PokemonXYiOS.app; sourceTree = BUILT_PRODUCTS_DIR; };
		AB26B0702517DD550030D44A /* AppDelegate.swift */ = {isa = PBXFileReference; lastKnownFileType = sourcecode.swift; path = AppDelegate.swift; sourceTree = "<group>"; };
		AB26B0722517DD550030D44A /* SceneDelegate.swift */ = {isa = PBXFileReference; lastKnownFileType = sourcecode.swift; path = SceneDelegate.swift; sourceTree = "<group>"; };
		AB26B0742517DD550030D44A /* ViewController.swift */ = {isa = PBXFileReference; lastKnownFileType = sourcecode.swift; path = ViewController.swift; sourceTree = "<group>"; };
		AB26B0772517DD550030D44A /* Base */ = {isa = PBXFileReference; lastKnownFileType = file.storyboard; name = Base; path = Base.lproj/Main.storyboard; sourceTree = "<group>"; };
		AB26B0792517DD560030D44A /* Assets.xcassets */ = {isa = PBXFileReference; lastKnownFileType = folder.assetcatalog; path = Assets.xcassets; sourceTree = "<group>"; };
		AB26B07C2517DD560030D44A /* Base */ = {isa = PBXFileReference; lastKnownFileType = file.storyboard; name = Base; path = Base.lproj/LaunchScreen.storyboard; sourceTree = "<group>"; };
		AB26B07E2517DD560030D44A /* Info.plist */ = {isa = PBXFileReference; lastKnownFileType = text.plist.xml; path = Info.plist; sourceTree = "<group>"; };
		AB3F8A602523B5B6006C86E8 /* NormalEvolveChainViewController.swift */ = {isa = PBXFileReference; lastKnownFileType = sourcecode.swift; path = NormalEvolveChainViewController.swift; sourceTree = "<group>"; };
		AB3F8A622523B8C7006C86E8 /* PokemonEvolutionCollectionViewCell.swift */ = {isa = PBXFileReference; lastKnownFileType = sourcecode.swift; path = PokemonEvolutionCollectionViewCell.swift; sourceTree = "<group>"; };
		AB3F8A642523F4FD006C86E8 /* EvolvesBaseViewController.swift */ = {isa = PBXFileReference; lastKnownFileType = sourcecode.swift; path = EvolvesBaseViewController.swift; sourceTree = "<group>"; };
		AB3F8A662523F827006C86E8 /* ForthEvolvesViewController.swift */ = {isa = PBXFileReference; lastKnownFileType = sourcecode.swift; path = ForthEvolvesViewController.swift; sourceTree = "<group>"; };
		AB3F8A6825246259006C86E8 /* EeveeEvolvesViewController.swift */ = {isa = PBXFileReference; lastKnownFileType = sourcecode.swift; path = EeveeEvolvesViewController.swift; sourceTree = "<group>"; };
		AB9F74872520FAD9008D483A /* AboutViewController.swift */ = {isa = PBXFileReference; lastKnownFileType = sourcecode.swift; path = AboutViewController.swift; sourceTree = "<group>"; };
		AB9F748925215A7A008D483A /* ContentViewController.swift */ = {isa = PBXFileReference; lastKnownFileType = sourcecode.swift; path = ContentViewController.swift; sourceTree = "<group>"; };
		AB9F748B2522A491008D483A /* TypeSymbolCollectionViewCell.swift */ = {isa = PBXFileReference; lastKnownFileType = sourcecode.swift; path = TypeSymbolCollectionViewCell.swift; sourceTree = "<group>"; };
		AB9F748E2522CB8B008D483A /* WeaknessTypeCollectionViewCell.swift */ = {isa = PBXFileReference; lastKnownFileType = sourcecode.swift; path = WeaknessTypeCollectionViewCell.swift; sourceTree = "<group>"; };
		ABB787FB2517DE8300671AB9 /* PokeBank.swift */ = {isa = PBXFileReference; lastKnownFileType = sourcecode.swift; path = PokeBank.swift; sourceTree = "<group>"; };
		ABB787FE2517DEAC00671AB9 /* Pokemon.swift */ = {isa = PBXFileReference; lastKnownFileType = sourcecode.swift; path = Pokemon.swift; sourceTree = "<group>"; };
		ABC21089251ACBEB004F2DAA /* segoe-ui-semibold-2.ttf */ = {isa = PBXFileReference; lastKnownFileType = file; path = "segoe-ui-semibold-2.ttf"; sourceTree = "<group>"; };
		ABC2108B251F3140004F2DAA /* PokemonReviewViewController.swift */ = {isa = PBXFileReference; lastKnownFileType = sourcecode.swift; path = PokemonReviewViewController.swift; sourceTree = "<group>"; };
		ABEC26CF25195960001E40B0 /* PokemonIDCardTableViewCell.swift */ = {isa = PBXFileReference; lastKnownFileType = sourcecode.swift; path = PokemonIDCardTableViewCell.swift; sourceTree = "<group>"; };
		C4CD755E35529A8ECDD9899C /* Pods_PokemonXYiOS.framework */ = {isa = PBXFileReference; explicitFileType = wrapper.framework; includeInIndex = 0; path = Pods_PokemonXYiOS.framework; sourceTree = BUILT_PRODUCTS_DIR; };
/* End PBXFileReference section */

/* Begin PBXFrameworksBuildPhase section */
		AB26B06A2517DD550030D44A /* Frameworks */ = {
			isa = PBXFrameworksBuildPhase;
			buildActionMask = 2147483647;
			files = (
				ABB788022517DF5400671AB9 /* Alamofire in Frameworks */,
				03662F3D19DC9FACD8A9A2D6 /* Pods_PokemonXYiOS.framework in Frameworks */,
				ABEC26D325196C8C001E40B0 /* AlamofireImage in Frameworks */,
				AB9F74862520CC35008D483A /* SwipeMenuViewController in Frameworks */,
			);
			runOnlyForDeploymentPostprocessing = 0;
		};
/* End PBXFrameworksBuildPhase section */

/* Begin PBXGroup section */
		3905A83AC47A04574BE7242F /* Pods */ = {
			isa = PBXGroup;
			children = (
				513F1B72FAB8D9A55AB5936D /* Pods-PokemonXYiOS.debug.xcconfig */,
				28FE8DA1CE21D379F14F09CE /* Pods-PokemonXYiOS.release.xcconfig */,
			);
			path = Pods;
			sourceTree = "<group>";
		};
		66D5C66B1F4C9599264D138D /* Frameworks */ = {
			isa = PBXGroup;
			children = (
				C4CD755E35529A8ECDD9899C /* Pods_PokemonXYiOS.framework */,
			);
			name = Frameworks;
			sourceTree = "<group>";
		};
		AB1E4DDB2518114500287D29 /* PokedexViews */ = {
			isa = PBXGroup;
			children = (
				AB1E4DDC2518118800287D29 /* PokemonListTableViewController.swift */,
				ABC2108B251F3140004F2DAA /* PokemonReviewViewController.swift */,
				AB9F74872520FAD9008D483A /* AboutViewController.swift */,
				AB3F8A602523B5B6006C86E8 /* NormalEvolveChainViewController.swift */,
				AB3F8A642523F4FD006C86E8 /* EvolvesBaseViewController.swift */,
				AB3F8A662523F827006C86E8 /* ForthEvolvesViewController.swift */,
				AB3F8A6825246259006C86E8 /* EeveeEvolvesViewController.swift */,
			);
			path = PokedexViews;
			sourceTree = "<group>";
		};
		AB26B0642517DD550030D44A = {
			isa = PBXGroup;
			children = (
				AB26B06F2517DD550030D44A /* PokemonXYiOS */,
				AB26B06E2517DD550030D44A /* Products */,
				3905A83AC47A04574BE7242F /* Pods */,
				66D5C66B1F4C9599264D138D /* Frameworks */,
			);
			sourceTree = "<group>";
		};
		AB26B06E2517DD550030D44A /* Products */ = {
			isa = PBXGroup;
			children = (
				AB26B06D2517DD550030D44A /* PokemonXYiOS.app */,
			);
			name = Products;
			sourceTree = "<group>";
		};
		AB26B06F2517DD550030D44A /* PokemonXYiOS */ = {
			isa = PBXGroup;
			children = (
				ABC21088251ACB48004F2DAA /* Fonts */,
				ABEC26CE251958FE001E40B0 /* UIComponentsScripts */,
				AB1E4DDB2518114500287D29 /* PokedexViews */,
				ABB787FD2517DE9800671AB9 /* Model */,
				ABB787FA2517DE3500671AB9 /* Pokebank */,
				AB26B0702517DD550030D44A /* AppDelegate.swift */,
				AB26B0722517DD550030D44A /* SceneDelegate.swift */,
				AB26B0742517DD550030D44A /* ViewController.swift */,
				AB26B0762517DD550030D44A /* Main.storyboard */,
				AB26B0792517DD560030D44A /* Assets.xcassets */,
				AB26B07B2517DD560030D44A /* LaunchScreen.storyboard */,
				AB26B07E2517DD560030D44A /* Info.plist */,
			);
			path = PokemonXYiOS;
			sourceTree = "<group>";
		};
		ABB787FA2517DE3500671AB9 /* Pokebank */ = {
			isa = PBXGroup;
			children = (
				ABB787FB2517DE8300671AB9 /* PokeBank.swift */,
			);
			path = Pokebank;
			sourceTree = "<group>";
		};
		ABB787FD2517DE9800671AB9 /* Model */ = {
			isa = PBXGroup;
			children = (
				ABB787FE2517DEAC00671AB9 /* Pokemon.swift */,
			);
			path = Model;
			sourceTree = "<group>";
		};
		ABC21088251ACB48004F2DAA /* Fonts */ = {
			isa = PBXGroup;
			children = (
				ABC21089251ACBEB004F2DAA /* segoe-ui-semibold-2.ttf */,
			);
			path = Fonts;
			sourceTree = "<group>";
		};
		ABEC26CE251958FE001E40B0 /* UIComponentsScripts */ = {
			isa = PBXGroup;
			children = (
				ABEC26CF25195960001E40B0 /* PokemonIDCardTableViewCell.swift */,
				AB9F748925215A7A008D483A /* ContentViewController.swift */,
				AB9F748B2522A491008D483A /* TypeSymbolCollectionViewCell.swift */,
				AB9F748E2522CB8B008D483A /* WeaknessTypeCollectionViewCell.swift */,
				AB3F8A622523B8C7006C86E8 /* PokemonEvolutionCollectionViewCell.swift */,
			);
			path = UIComponentsScripts;
			sourceTree = "<group>";
		};
/* End PBXGroup section */

/* Begin PBXNativeTarget section */
		AB26B06C2517DD550030D44A /* PokemonXYiOS */ = {
			isa = PBXNativeTarget;
			buildConfigurationList = AB26B0812517DD560030D44A /* Build configuration list for PBXNativeTarget "PokemonXYiOS" */;
			buildPhases = (
				2BB7A4786D6D55C5AE7FDBEB /* [CP] Check Pods Manifest.lock */,
				AB26B0692517DD550030D44A /* Sources */,
				AB26B06A2517DD550030D44A /* Frameworks */,
				AB26B06B2517DD550030D44A /* Resources */,
				2FC50EDA464566F239CB456D /* [CP] Embed Pods Frameworks */,
			);
			buildRules = (
			);
			dependencies = (
			);
			name = PokemonXYiOS;
			packageProductDependencies = (
				ABB788012517DF5400671AB9 /* Alamofire */,
				ABEC26D225196C8C001E40B0 /* AlamofireImage */,
				AB9F74852520CC35008D483A /* SwipeMenuViewController */,
			);
			productName = PokemonXYiOS;
			productReference = AB26B06D2517DD550030D44A /* PokemonXYiOS.app */;
			productType = "com.apple.product-type.application";
		};
/* End PBXNativeTarget section */

/* Begin PBXProject section */
		AB26B0652517DD550030D44A /* Project object */ = {
			isa = PBXProject;
			attributes = {
				LastSwiftUpdateCheck = 1150;
				LastUpgradeCheck = 1150;
				ORGANIZATIONNAME = "Olaf Gomez";
				TargetAttributes = {
					AB26B06C2517DD550030D44A = {
						CreatedOnToolsVersion = 11.5;
					};
				};
			};
			buildConfigurationList = AB26B0682517DD550030D44A /* Build configuration list for PBXProject "PokemonXYiOS" */;
			compatibilityVersion = "Xcode 9.3";
			developmentRegion = en;
			hasScannedForEncodings = 0;
			knownRegions = (
				en,
				Base,
			);
			mainGroup = AB26B0642517DD550030D44A;
			packageReferences = (
				ABB788002517DF5400671AB9 /* XCRemoteSwiftPackageReference "Alamofire" */,
				ABEC26D125196C8C001E40B0 /* XCRemoteSwiftPackageReference "AlamofireImage" */,
				AB9F74842520CC35008D483A /* XCRemoteSwiftPackageReference "SwipeMenuViewController" */,
			);
			productRefGroup = AB26B06E2517DD550030D44A /* Products */;
			projectDirPath = "";
			projectRoot = "";
			targets = (
				AB26B06C2517DD550030D44A /* PokemonXYiOS */,
			);
		};
/* End PBXProject section */

/* Begin PBXResourcesBuildPhase section */
		AB26B06B2517DD550030D44A /* Resources */ = {
			isa = PBXResourcesBuildPhase;
			buildActionMask = 2147483647;
			files = (
				ABC2108A251ACBEB004F2DAA /* segoe-ui-semibold-2.ttf in Resources */,
				AB26B07D2517DD560030D44A /* LaunchScreen.storyboard in Resources */,
				AB26B07A2517DD560030D44A /* Assets.xcassets in Resources */,
				AB26B0782517DD550030D44A /* Main.storyboard in Resources */,
			);
			runOnlyForDeploymentPostprocessing = 0;
		};
/* End PBXResourcesBuildPhase section */

/* Begin PBXShellScriptBuildPhase section */
		2BB7A4786D6D55C5AE7FDBEB /* [CP] Check Pods Manifest.lock */ = {
			isa = PBXShellScriptBuildPhase;
			buildActionMask = 2147483647;
			files = (
			);
			inputFileListPaths = (
			);
			inputPaths = (
				"${PODS_PODFILE_DIR_PATH}/Podfile.lock",
				"${PODS_ROOT}/Manifest.lock",
			);
			name = "[CP] Check Pods Manifest.lock";
			outputFileListPaths = (
			);
			outputPaths = (
				"$(DERIVED_FILE_DIR)/Pods-PokemonXYiOS-checkManifestLockResult.txt",
			);
			runOnlyForDeploymentPostprocessing = 0;
			shellPath = /bin/sh;
			shellScript = "diff \"${PODS_PODFILE_DIR_PATH}/Podfile.lock\" \"${PODS_ROOT}/Manifest.lock\" > /dev/null\nif [ $? != 0 ] ; then\n    # print error to STDERR\n    echo \"error: The sandbox is not in sync with the Podfile.lock. Run 'pod install' or update your CocoaPods installation.\" >&2\n    exit 1\nfi\n# This output is used by Xcode 'outputs' to avoid re-running this script phase.\necho \"SUCCESS\" > \"${SCRIPT_OUTPUT_FILE_0}\"\n";
			showEnvVarsInLog = 0;
		};
		2FC50EDA464566F239CB456D /* [CP] Embed Pods Frameworks */ = {
			isa = PBXShellScriptBuildPhase;
			buildActionMask = 2147483647;
			files = (
			);
			inputFileListPaths = (
				"${PODS_ROOT}/Target Support Files/Pods-PokemonXYiOS/Pods-PokemonXYiOS-frameworks-${CONFIGURATION}-input-files.xcfilelist",
			);
			name = "[CP] Embed Pods Frameworks";
			outputFileListPaths = (
				"${PODS_ROOT}/Target Support Files/Pods-PokemonXYiOS/Pods-PokemonXYiOS-frameworks-${CONFIGURATION}-output-files.xcfilelist",
			);
			runOnlyForDeploymentPostprocessing = 0;
			shellPath = /bin/sh;
			shellScript = "\"${PODS_ROOT}/Target Support Files/Pods-PokemonXYiOS/Pods-PokemonXYiOS-frameworks.sh\"\n";
			showEnvVarsInLog = 0;
		};
/* End PBXShellScriptBuildPhase section */

/* Begin PBXSourcesBuildPhase section */
		AB26B0692517DD550030D44A /* Sources */ = {
			isa = PBXSourcesBuildPhase;
			buildActionMask = 2147483647;
			files = (
				AB9F748A25215A7A008D483A /* ContentViewController.swift in Sources */,
				ABB787FF2517DEAC00671AB9 /* Pokemon.swift in Sources */,
				AB3F8A672523F827006C86E8 /* ForthEvolvesViewController.swift in Sources */,
				ABEC26D025195960001E40B0 /* PokemonIDCardTableViewCell.swift in Sources */,
				ABC2108C251F3140004F2DAA /* PokemonReviewViewController.swift in Sources */,
				AB9F74882520FAD9008D483A /* AboutViewController.swift in Sources */,
				AB9F748C2522A491008D483A /* TypeSymbolCollectionViewCell.swift in Sources */,
				AB3F8A632523B8C7006C86E8 /* PokemonEvolutionCollectionViewCell.swift in Sources */,
				AB3F8A652523F4FD006C86E8 /* EvolvesBaseViewController.swift in Sources */,
				AB3F8A612523B5B6006C86E8 /* NormalEvolveChainViewController.swift in Sources */,
				AB1E4DDD2518118800287D29 /* PokemonListTableViewController.swift in Sources */,
				ABB787FC2517DE8300671AB9 /* PokeBank.swift in Sources */,
				AB26B0752517DD550030D44A /* ViewController.swift in Sources */,
				AB9F748F2522CB8B008D483A /* WeaknessTypeCollectionViewCell.swift in Sources */,
				AB26B0712517DD550030D44A /* AppDelegate.swift in Sources */,
				AB26B0732517DD550030D44A /* SceneDelegate.swift in Sources */,
				AB3F8A6925246259006C86E8 /* EeveeEvolvesViewController.swift in Sources */,
			);
			runOnlyForDeploymentPostprocessing = 0;
		};
/* End PBXSourcesBuildPhase section */

/* Begin PBXVariantGroup section */
		AB26B0762517DD550030D44A /* Main.storyboard */ = {
			isa = PBXVariantGroup;
			children = (
				AB26B0772517DD550030D44A /* Base */,
			);
			name = Main.storyboard;
			sourceTree = "<group>";
		};
		AB26B07B2517DD560030D44A /* LaunchScreen.storyboard */ = {
			isa = PBXVariantGroup;
			children = (
				AB26B07C2517DD560030D44A /* Base */,
			);
			name = LaunchScreen.storyboard;
			sourceTree = "<group>";
		};
/* End PBXVariantGroup section */

/* Begin XCBuildConfiguration section */
		AB26B07F2517DD560030D44A /* Debug */ = {
			isa = XCBuildConfiguration;
			buildSettings = {
				ALWAYS_SEARCH_USER_PATHS = NO;
				CLANG_ANALYZER_NONNULL = YES;
				CLANG_ANALYZER_NUMBER_OBJECT_CONVERSION = YES_AGGRESSIVE;
				CLANG_CXX_LANGUAGE_STANDARD = "gnu++14";
				CLANG_CXX_LIBRARY = "libc++";
				CLANG_ENABLE_MODULES = YES;
				CLANG_ENABLE_OBJC_ARC = YES;
				CLANG_ENABLE_OBJC_WEAK = YES;
				CLANG_WARN_BLOCK_CAPTURE_AUTORELEASING = YES;
				CLANG_WARN_BOOL_CONVERSION = YES;
				CLANG_WARN_COMMA = YES;
				CLANG_WARN_CONSTANT_CONVERSION = YES;
				CLANG_WARN_DEPRECATED_OBJC_IMPLEMENTATIONS = YES;
				CLANG_WARN_DIRECT_OBJC_ISA_USAGE = YES_ERROR;
				CLANG_WARN_DOCUMENTATION_COMMENTS = YES;
				CLANG_WARN_EMPTY_BODY = YES;
				CLANG_WARN_ENUM_CONVERSION = YES;
				CLANG_WARN_INFINITE_RECURSION = YES;
				CLANG_WARN_INT_CONVERSION = YES;
				CLANG_WARN_NON_LITERAL_NULL_CONVERSION = YES;
				CLANG_WARN_OBJC_IMPLICIT_RETAIN_SELF = YES;
				CLANG_WARN_OBJC_LITERAL_CONVERSION = YES;
				CLANG_WARN_OBJC_ROOT_CLASS = YES_ERROR;
				CLANG_WARN_RANGE_LOOP_ANALYSIS = YES;
				CLANG_WARN_STRICT_PROTOTYPES = YES;
				CLANG_WARN_SUSPICIOUS_MOVE = YES;
				CLANG_WARN_UNGUARDED_AVAILABILITY = YES_AGGRESSIVE;
				CLANG_WARN_UNREACHABLE_CODE = YES;
				CLANG_WARN__DUPLICATE_METHOD_MATCH = YES;
				COPY_PHASE_STRIP = NO;
				DEBUG_INFORMATION_FORMAT = dwarf;
				ENABLE_STRICT_OBJC_MSGSEND = YES;
				ENABLE_TESTABILITY = YES;
				GCC_C_LANGUAGE_STANDARD = gnu11;
				GCC_DYNAMIC_NO_PIC = NO;
				GCC_NO_COMMON_BLOCKS = YES;
				GCC_OPTIMIZATION_LEVEL = 0;
				GCC_PREPROCESSOR_DEFINITIONS = (
					"DEBUG=1",
					"$(inherited)",
				);
				GCC_WARN_64_TO_32_BIT_CONVERSION = YES;
				GCC_WARN_ABOUT_RETURN_TYPE = YES_ERROR;
				GCC_WARN_UNDECLARED_SELECTOR = YES;
				GCC_WARN_UNINITIALIZED_AUTOS = YES_AGGRESSIVE;
				GCC_WARN_UNUSED_FUNCTION = YES;
				GCC_WARN_UNUSED_VARIABLE = YES;
				IPHONEOS_DEPLOYMENT_TARGET = 13.5;
				MTL_ENABLE_DEBUG_INFO = INCLUDE_SOURCE;
				MTL_FAST_MATH = YES;
				ONLY_ACTIVE_ARCH = YES;
				SDKROOT = iphoneos;
				SWIFT_ACTIVE_COMPILATION_CONDITIONS = DEBUG;
				SWIFT_OPTIMIZATION_LEVEL = "-Onone";
			};
			name = Debug;
		};
		AB26B0802517DD560030D44A /* Release */ = {
			isa = XCBuildConfiguration;
			buildSettings = {
				ALWAYS_SEARCH_USER_PATHS = NO;
				CLANG_ANALYZER_NONNULL = YES;
				CLANG_ANALYZER_NUMBER_OBJECT_CONVERSION = YES_AGGRESSIVE;
				CLANG_CXX_LANGUAGE_STANDARD = "gnu++14";
				CLANG_CXX_LIBRARY = "libc++";
				CLANG_ENABLE_MODULES = YES;
				CLANG_ENABLE_OBJC_ARC = YES;
				CLANG_ENABLE_OBJC_WEAK = YES;
				CLANG_WARN_BLOCK_CAPTURE_AUTORELEASING = YES;
				CLANG_WARN_BOOL_CONVERSION = YES;
				CLANG_WARN_COMMA = YES;
				CLANG_WARN_CONSTANT_CONVERSION = YES;
				CLANG_WARN_DEPRECATED_OBJC_IMPLEMENTATIONS = YES;
				CLANG_WARN_DIRECT_OBJC_ISA_USAGE = YES_ERROR;
				CLANG_WARN_DOCUMENTATION_COMMENTS = YES;
				CLANG_WARN_EMPTY_BODY = YES;
				CLANG_WARN_ENUM_CONVERSION = YES;
				CLANG_WARN_INFINITE_RECURSION = YES;
				CLANG_WARN_INT_CONVERSION = YES;
				CLANG_WARN_NON_LITERAL_NULL_CONVERSION = YES;
				CLANG_WARN_OBJC_IMPLICIT_RETAIN_SELF = YES;
				CLANG_WARN_OBJC_LITERAL_CONVERSION = YES;
				CLANG_WARN_OBJC_ROOT_CLASS = YES_ERROR;
				CLANG_WARN_RANGE_LOOP_ANALYSIS = YES;
				CLANG_WARN_STRICT_PROTOTYPES = YES;
				CLANG_WARN_SUSPICIOUS_MOVE = YES;
				CLANG_WARN_UNGUARDED_AVAILABILITY = YES_AGGRESSIVE;
				CLANG_WARN_UNREACHABLE_CODE = YES;
				CLANG_WARN__DUPLICATE_METHOD_MATCH = YES;
				COPY_PHASE_STRIP = NO;
				DEBUG_INFORMATION_FORMAT = "dwarf-with-dsym";
				ENABLE_NS_ASSERTIONS = NO;
				ENABLE_STRICT_OBJC_MSGSEND = YES;
				GCC_C_LANGUAGE_STANDARD = gnu11;
				GCC_NO_COMMON_BLOCKS = YES;
				GCC_WARN_64_TO_32_BIT_CONVERSION = YES;
				GCC_WARN_ABOUT_RETURN_TYPE = YES_ERROR;
				GCC_WARN_UNDECLARED_SELECTOR = YES;
				GCC_WARN_UNINITIALIZED_AUTOS = YES_AGGRESSIVE;
				GCC_WARN_UNUSED_FUNCTION = YES;
				GCC_WARN_UNUSED_VARIABLE = YES;
				IPHONEOS_DEPLOYMENT_TARGET = 13.5;
				MTL_ENABLE_DEBUG_INFO = NO;
				MTL_FAST_MATH = YES;
				SDKROOT = iphoneos;
				SWIFT_COMPILATION_MODE = wholemodule;
				SWIFT_OPTIMIZATION_LEVEL = "-O";
				VALIDATE_PRODUCT = YES;
			};
			name = Release;
		};
		AB26B0822517DD560030D44A /* Debug */ = {
			isa = XCBuildConfiguration;
			baseConfigurationReference = 513F1B72FAB8D9A55AB5936D /* Pods-PokemonXYiOS.debug.xcconfig */;
			buildSettings = {
				ASSETCATALOG_COMPILER_APPICON_NAME = AppIcon;
				CODE_SIGN_STYLE = Automatic;
				INFOPLIST_FILE = PokemonXYiOS/Info.plist;
				LD_RUNPATH_SEARCH_PATHS = (
					"$(inherited)",
					"@executable_path/Frameworks",
				);
				PRODUCT_BUNDLE_IDENTIFIER = com.nekroapps.PokemonXYiOS;
				PRODUCT_NAME = "$(TARGET_NAME)";
				SWIFT_VERSION = 5.0;
				TARGETED_DEVICE_FAMILY = "1,2";
			};
			name = Debug;
		};
		AB26B0832517DD560030D44A /* Release */ = {
			isa = XCBuildConfiguration;
			baseConfigurationReference = 28FE8DA1CE21D379F14F09CE /* Pods-PokemonXYiOS.release.xcconfig */;
			buildSettings = {
				ASSETCATALOG_COMPILER_APPICON_NAME = AppIcon;
				CODE_SIGN_STYLE = Automatic;
				INFOPLIST_FILE = PokemonXYiOS/Info.plist;
				LD_RUNPATH_SEARCH_PATHS = (
					"$(inherited)",
					"@executable_path/Frameworks",
				);
				PRODUCT_BUNDLE_IDENTIFIER = com.nekroapps.PokemonXYiOS;
				PRODUCT_NAME = "$(TARGET_NAME)";
				SWIFT_VERSION = 5.0;
				TARGETED_DEVICE_FAMILY = "1,2";
			};
			name = Release;
		};
/* End XCBuildConfiguration section */

/* Begin XCConfigurationList section */
		AB26B0682517DD550030D44A /* Build configuration list for PBXProject "PokemonXYiOS" */ = {
			isa = XCConfigurationList;
			buildConfigurations = (
				AB26B07F2517DD560030D44A /* Debug */,
				AB26B0802517DD560030D44A /* Release */,
			);
			defaultConfigurationIsVisible = 0;
			defaultConfigurationName = Release;
		};
		AB26B0812517DD560030D44A /* Build configuration list for PBXNativeTarget "PokemonXYiOS" */ = {
			isa = XCConfigurationList;
			buildConfigurations = (
				AB26B0822517DD560030D44A /* Debug */,
				AB26B0832517DD560030D44A /* Release */,
			);
			defaultConfigurationIsVisible = 0;
			defaultConfigurationName = Release;
		};
/* End XCConfigurationList section */

/* Begin XCRemoteSwiftPackageReference section */
		AB9F74842520CC35008D483A /* XCRemoteSwiftPackageReference "SwipeMenuViewController" */ = {
			isa = XCRemoteSwiftPackageReference;
			repositoryURL = "https://github.com/yysskk/SwipeMenuViewController";
			requirement = {
				kind = upToNextMajorVersion;
				minimumVersion = 4.1.0;
			};
		};
		ABB788002517DF5400671AB9 /* XCRemoteSwiftPackageReference "Alamofire" */ = {
			isa = XCRemoteSwiftPackageReference;
			repositoryURL = "https://github.com/Alamofire/Alamofire";
			requirement = {
				kind = upToNextMajorVersion;
				minimumVersion = 5.2.2;
			};
		};
		ABEC26D125196C8C001E40B0 /* XCRemoteSwiftPackageReference "AlamofireImage" */ = {
			isa = XCRemoteSwiftPackageReference;
			repositoryURL = "https://github.com/Alamofire/AlamofireImage";
			requirement = {
				kind = upToNextMajorVersion;
				minimumVersion = 4.1.0;
			};
		};
/* End XCRemoteSwiftPackageReference section */

/* Begin XCSwiftPackageProductDependency section */
		AB9F74852520CC35008D483A /* SwipeMenuViewController */ = {
			isa = XCSwiftPackageProductDependency;
			package = AB9F74842520CC35008D483A /* XCRemoteSwiftPackageReference "SwipeMenuViewController" */;
			productName = SwipeMenuViewController;
		};
		ABB788012517DF5400671AB9 /* Alamofire */ = {
			isa = XCSwiftPackageProductDependency;
			package = ABB788002517DF5400671AB9 /* XCRemoteSwiftPackageReference "Alamofire" */;
			productName = Alamofire;
		};
		ABEC26D225196C8C001E40B0 /* AlamofireImage */ = {
			isa = XCSwiftPackageProductDependency;
			package = ABEC26D125196C8C001E40B0 /* XCRemoteSwiftPackageReference "AlamofireImage" */;
			productName = AlamofireImage;
		};
/* End XCSwiftPackageProductDependency section */
	};
	rootObject = AB26B0652517DD550030D44A /* Project object */;
}
